
Microsoft Visual Studio Solution File, Format Version 12.00
# Visual Studio Version 16
VisualStudioVersion = 16.0.30621.155
MinimumVisualStudioVersion = 10.0.40219.1
Project("{FAE04EC0-301F-11D3-BF4B-00C04F79EFBC}") = "ZorroConsoleTray", "ZorroConsoleTray\ZorroConsoleTray.csproj", "{7B8DFFCA-F4B6-47A1-8E08-0FD9D0EF9DDE}"
EndProject
Project("{9A19103F-16F7-4668-BE54-9A1E7A4F7556}") = "DemoService", "DemoService\DemoService.csproj", "{6E0CE17D-E3B9-42A5-81ED-DA3289CBF483}"
EndProject
Project("{FAE04EC0-301F-11D3-BF4B-00C04F79EFBC}") = "ZorroConsole", "ZorroConsole\ZorroConsole.csproj", "{AEFEA243-23DD-4895-B8FB-3DAFB35DBEE1}"
EndProject
Global
	GlobalSection(SolutionConfigurationPlatforms) = preSolution
		Debug|Any CPU = Debug|Any CPU
		Release|Any CPU = Release|Any CPU
	EndGlobalSection
	GlobalSection(ProjectConfigurationPlatforms) = postSolution
		{7B8DFFCA-F4B6-47A1-8E08-0FD9D0EF9DDE}.Debug|Any CPU.ActiveCfg = Debug|Any CPU
		{7B8DFFCA-F4B6-47A1-8E08-0FD9D0EF9DDE}.Debug|Any CPU.Build.0 = Debug|Any CPU
		{7B8DFFCA-F4B6-47A1-8E08-0FD9D0EF9DDE}.Release|Any CPU.ActiveCfg = Release|Any CPU
		{7B8DFFCA-F4B6-47A1-8E08-0FD9D0EF9DDE}.Release|Any CPU.Build.0 = Release|Any CPU
		{6E0CE17D-E3B9-42A5-81ED-DA3289CBF483}.Debug|Any CPU.ActiveCfg = Debug|Any CPU
		{6E0CE17D-E3B9-42A5-81ED-DA3289CBF483}.Debug|Any CPU.Build.0 = Debug|Any CPU
		{6E0CE17D-E3B9-42A5-81ED-DA3289CBF483}.Release|Any CPU.ActiveCfg = Release|Any CPU
		{6E0CE17D-E3B9-42A5-81ED-DA3289CBF483}.Release|Any CPU.Build.0 = Release|Any CPU
		{AEFEA243-23DD-4895-B8FB-3DAFB35DBEE1}.Debug|Any CPU.ActiveCfg = Debug|Any CPU
		{AEFEA243-23DD-4895-B8FB-3DAFB35DBEE1}.Debug|Any CPU.Build.0 = Debug|Any CPU
		{AEFEA243-23DD-4895-B8FB-3DAFB35DBEE1}.Release|Any CPU.ActiveCfg = Release|Any CPU
		{AEFEA243-23DD-4895-B8FB-3DAFB35DBEE1}.Release|Any CPU.Build.0 = Release|Any CPU
	EndGlobalSection
	GlobalSection(SolutionProperties) = preSolution
		HideSolutionNode = FALSE
	EndGlobalSection
	GlobalSection(ExtensibilityGlobals) = postSolution
		SolutionGuid = {1035D3C5-AC90-4B04-800C-C2A7F07C1F43}
	EndGlobalSection
EndGlobal
